
Microsoft Visual Studio Solution File, Format Version 12.00
# Visual Studio 15
VisualStudioVersion = 15.0.27703.2026
MinimumVisualStudioVersion = 10.0.40219.1
Project("{FAE04EC0-301F-11D3-BF4B-00C04F79EFBC}") = "BottomTabsDemo.Android", "BottomTabsDemo\BottomTabsDemo.Android\BottomTabsDemo.Android.csproj", "{5C85E606-7D70-46E7-A24A-4354D0CFBD93}"
EndProject
Project("{FAE04EC0-301F-11D3-BF4B-00C04F79EFBC}") = "BottomTabsDemo.iOS", "BottomTabsDemo\BottomTabsDemo.iOS\BottomTabsDemo.iOS.csproj", "{70CF5C5A-7BF5-425A-8DFE-384B434D323D}"
EndProject
Project("{FAE04EC0-301F-11D3-BF4B-00C04F79EFBC}") = "BottomTabsDemo", "BottomTabsDemo\BottomTabsDemo\BottomTabsDemo.csproj", "{6E0EA2E7-D04B-4B50-B5F7-39F620D4DCED}"
EndProject
Global
	GlobalSection(SolutionConfigurationPlatforms) = preSolution
		Ad-Hoc|Any CPU = Ad-Hoc|Any CPU
		Ad-Hoc|iPhone = Ad-Hoc|iPhone
		Ad-Hoc|iPhoneSimulator = Ad-Hoc|iPhoneSimulator
		AppStore|Any CPU = AppStore|Any CPU
		AppStore|iPhone = AppStore|iPhone
		AppStore|iPhoneSimulator = AppStore|iPhoneSimulator
		Debug|Any CPU = Debug|Any CPU
		Debug|iPhone = Debug|iPhone
		Debug|iPhoneSimulator = Debug|iPhoneSimulator
		Release|Any CPU = Release|Any CPU
		Release|iPhone = Release|iPhone
		Release|iPhoneSimulator = Release|iPhoneSimulator
	EndGlobalSection
	GlobalSection(ProjectConfigurationPlatforms) = postSolution
		{5C85E606-7D70-46E7-A24A-4354D0CFBD93}.Ad-Hoc|Any CPU.ActiveCfg = Release|Any CPU
		{5C85E606-7D70-46E7-A24A-4354D0CFBD93}.Ad-Hoc|Any CPU.Build.0 = Release|Any CPU
		{5C85E606-7D70-46E7-A24A-4354D0CFBD93}.Ad-Hoc|Any CPU.Deploy.0 = Release|Any CPU
		{5C85E606-7D70-46E7-A24A-4354D0CFBD93}.Ad-Hoc|iPhone.ActiveCfg = Release|Any CPU
		{5C85E606-7D70-46E7-A24A-4354D0CFBD93}.Ad-Hoc|iPhone.Build.0 = Release|Any CPU
		{5C85E606-7D70-46E7-A24A-4354D0CFBD93}.Ad-Hoc|iPhone.Deploy.0 = Release|Any CPU
		{5C85E606-7D70-46E7-A24A-4354D0CFBD93}.Ad-Hoc|iPhoneSimulator.ActiveCfg = Release|Any CPU
		{5C85E606-7D70-46E7-A24A-4354D0CFBD93}.Ad-Hoc|iPhoneSimulator.Build.0 = Release|Any CPU
		{5C85E606-7D70-46E7-A24A-4354D0CFBD93}.Ad-Hoc|iPhoneSimulator.Deploy.0 = Release|Any CPU
		{5C85E606-7D70-46E7-A24A-4354D0CFBD93}.AppStore|Any CPU.ActiveCfg = Release|Any CPU
		{5C85E606-7D70-46E7-A24A-4354D0CFBD93}.AppStore|Any CPU.Build.0 = Release|Any CPU
		{5C85E606-7D70-46E7-A24A-4354D0CFBD93}.AppStore|Any CPU.Deploy.0 = Release|Any CPU
		{5C85E606-7D70-46E7-A24A-4354D0CFBD93}.AppStore|iPhone.ActiveCfg = Release|Any CPU
		{5C85E606-7D70-46E7-A24A-4354D0CFBD93}.AppStore|iPhone.Build.0 = Release|Any CPU
		{5C85E606-7D70-46E7-A24A-4354D0CFBD93}.AppStore|iPhone.Deploy.0 = Release|Any CPU
		{5C85E606-7D70-46E7-A24A-4354D0CFBD93}.AppStore|iPhoneSimulator.ActiveCfg = Release|Any CPU
		{5C85E606-7D70-46E7-A24A-4354D0CFBD93}.AppStore|iPhoneSimulator.Build.0 = Release|Any CPU
		{5C85E606-7D70-46E7-A24A-4354D0CFBD93}.AppStore|iPhoneSimulator.Deploy.0 = Release|Any CPU
		{5C85E606-7D70-46E7-A24A-4354D0CFBD93}.Debug|Any CPU.ActiveCfg = Debug|Any CPU
		{5C85E606-7D70-46E7-A24A-4354D0CFBD93}.Debug|Any CPU.Build.0 = Debug|Any CPU
		{5C85E606-7D70-46E7-A24A-4354D0CFBD93}.Debug|Any CPU.Deploy.0 = Debug|Any CPU
		{5C85E606-7D70-46E7-A24A-4354D0CFBD93}.Debug|iPhone.ActiveCfg = Debug|Any CPU
		{5C85E606-7D70-46E7-A24A-4354D0CFBD93}.Debug|iPhone.Build.0 = Debug|Any CPU
		{5C85E606-7D70-46E7-A24A-4354D0CFBD93}.Debug|iPhone.Deploy.0 = Debug|Any CPU
		{5C85E606-7D70-46E7-A24A-4354D0CFBD93}.Debug|iPhoneSimulator.ActiveCfg = Debug|Any CPU
		{5C85E606-7D70-46E7-A24A-4354D0CFBD93}.Debug|iPhoneSimulator.Build.0 = Debug|Any CPU
		{5C85E606-7D70-46E7-A24A-4354D0CFBD93}.Debug|iPhoneSimulator.Deploy.0 = Debug|Any CPU
		{5C85E606-7D70-46E7-A24A-4354D0CFBD93}.Release|Any CPU.ActiveCfg = Release|Any CPU
		{5C85E606-7D70-46E7-A24A-4354D0CFBD93}.Release|Any CPU.Build.0 = Release|Any CPU
		{5C85E606-7D70-46E7-A24A-4354D0CFBD93}.Release|Any CPU.Deploy.0 = Release|Any CPU
		{5C85E606-7D70-46E7-A24A-4354D0CFBD93}.Release|iPhone.ActiveCfg = Release|Any CPU
		{5C85E606-7D70-46E7-A24A-4354D0CFBD93}.Release|iPhone.Build.0 = Release|Any CPU
		{5C85E606-7D70-46E7-A24A-4354D0CFBD93}.Release|iPhone.Deploy.0 = Release|Any CPU
		{5C85E606-7D70-46E7-A24A-4354D0CFBD93}.Release|iPhoneSimulator.ActiveCfg = Release|Any CPU
		{5C85E606-7D70-46E7-A24A-4354D0CFBD93}.Release|iPhoneSimulator.Build.0 = Release|Any CPU
		{5C85E606-7D70-46E7-A24A-4354D0CFBD93}.Release|iPhoneSimulator.Deploy.0 = Release|Any CPU
		{70CF5C5A-7BF5-425A-8DFE-384B434D323D}.Ad-Hoc|Any CPU.ActiveCfg = Ad-Hoc|iPhone
		{70CF5C5A-7BF5-425A-8DFE-384B434D323D}.Ad-Hoc|Any CPU.Build.0 = Ad-Hoc|iPhone
		{70CF5C5A-7BF5-425A-8DFE-384B434D323D}.Ad-Hoc|Any CPU.Deploy.0 = Ad-Hoc|iPhone
		{70CF5C5A-7BF5-425A-8DFE-384B434D323D}.Ad-Hoc|iPhone.ActiveCfg = Ad-Hoc|iPhone
		{70CF5C5A-7BF5-425A-8DFE-384B434D323D}.Ad-Hoc|iPhone.Build.0 = Ad-Hoc|iPhone
		{70CF5C5A-7BF5-425A-8DFE-384B434D323D}.Ad-Hoc|iPhone.Deploy.0 = Ad-Hoc|iPhone
		{70CF5C5A-7BF5-425A-8DFE-384B434D323D}.Ad-Hoc|iPhoneSimulator.ActiveCfg = Ad-Hoc|iPhoneSimulator
		{70CF5C5A-7BF5-425A-8DFE-384B434D323D}.Ad-Hoc|iPhoneSimulator.Build.0 = Ad-Hoc|iPhoneSimulator
		{70CF5C5A-7BF5-425A-8DFE-384B434D323D}.Ad-Hoc|iPhoneSimulator.Deploy.0 = Ad-Hoc|iPhoneSimulator
		{70CF5C5A-7BF5-425A-8DFE-384B434D323D}.AppStore|Any CPU.ActiveCfg = AppStore|iPhone
		{70CF5C5A-7BF5-425A-8DFE-384B434D323D}.AppStore|Any CPU.Build.0 = AppStore|iPhone
		{70CF5C5A-7BF5-425A-8DFE-384B434D323D}.AppStore|Any CPU.Deploy.0 = AppStore|iPhone
		{70CF5C5A-7BF5-425A-8DFE-384B434D323D}.AppStore|iPhone.ActiveCfg = AppStore|iPhone
		{70CF5C5A-7BF5-425A-8DFE-384B434D323D}.AppStore|iPhone.Build.0 = AppStore|iPhone
		{70CF5C5A-7BF5-425A-8DFE-384B434D323D}.AppStore|iPhone.Deploy.0 = AppStore|iPhone
		{70CF5C5A-7BF5-425A-8DFE-384B434D323D}.AppStore|iPhoneSimulator.ActiveCfg = AppStore|iPhoneSimulator
		{70CF5C5A-7BF5-425A-8DFE-384B434D323D}.AppStore|iPhoneSimulator.Build.0 = AppStore|iPhoneSimulator
		{70CF5C5A-7BF5-425A-8DFE-384B434D323D}.AppStore|iPhoneSimulator.Deploy.0 = AppStore|iPhoneSimulator
		{70CF5C5A-7BF5-425A-8DFE-384B434D323D}.Debug|Any CPU.ActiveCfg = Debug|iPhoneSimulator
		{70CF5C5A-7BF5-425A-8DFE-384B434D323D}.Debug|Any CPU.Build.0 = Debug|iPhoneSimulator
		{70CF5C5A-7BF5-425A-8DFE-384B434D323D}.Debug|Any CPU.Deploy.0 = Debug|iPhoneSimulator
		{70CF5C5A-7BF5-425A-8DFE-384B434D323D}.Debug|iPhone.ActiveCfg = Debug|iPhone
		{70CF5C5A-7BF5-425A-8DFE-384B434D323D}.Debug|iPhone.Build.0 = Debug|iPhone
		{70CF5C5A-7BF5-425A-8DFE-384B434D323D}.Debug|iPhone.Deploy.0 = Debug|iPhone
		{70CF5C5A-7BF5-425A-8DFE-384B434D323D}.Debug|iPhoneSimulator.ActiveCfg = Debug|iPhoneSimulator
		{70CF5C5A-7BF5-425A-8DFE-384B434D323D}.Debug|iPhoneSimulator.Build.0 = Debug|iPhoneSimulator
		{70CF5C5A-7BF5-425A-8DFE-384B434D323D}.Debug|iPhoneSimulator.Deploy.0 = Debug|iPhoneSimulator
		{70CF5C5A-7BF5-425A-8DFE-384B434D323D}.Release|Any CPU.ActiveCfg = Release|iPhone
		{70CF5C5A-7BF5-425A-8DFE-384B434D323D}.Release|Any CPU.Build.0 = Release|iPhone
		{70CF5C5A-7BF5-425A-8DFE-384B434D323D}.Release|Any CPU.Deploy.0 = Release|iPhone
		{70CF5C5A-7BF5-425A-8DFE-384B434D323D}.Release|iPhone.ActiveCfg = Release|iPhone
		{70CF5C5A-7BF5-425A-8DFE-384B434D323D}.Release|iPhone.Build.0 = Release|iPhone
		{70CF5C5A-7BF5-425A-8DFE-384B434D323D}.Release|iPhone.Deploy.0 = Release|iPhone
		{70CF5C5A-7BF5-425A-8DFE-384B434D323D}.Release|iPhoneSimulator.ActiveCfg = Release|iPhoneSimulator
		{70CF5C5A-7BF5-425A-8DFE-384B434D323D}.Release|iPhoneSimulator.Build.0 = Release|iPhoneSimulator
		{70CF5C5A-7BF5-425A-8DFE-384B434D323D}.Release|iPhoneSimulator.Deploy.0 = Release|iPhoneSimulator
		{6E0EA2E7-D04B-4B50-B5F7-39F620D4DCED}.Ad-Hoc|Any CPU.ActiveCfg = Debug|Any CPU
		{6E0EA2E7-D04B-4B50-B5F7-39F620D4DCED}.Ad-Hoc|Any CPU.Build.0 = Debug|Any CPU
		{6E0EA2E7-D04B-4B50-B5F7-39F620D4DCED}.Ad-Hoc|Any CPU.Deploy.0 = Debug|Any CPU
		{6E0EA2E7-D04B-4B50-B5F7-39F620D4DCED}.Ad-Hoc|iPhone.ActiveCfg = Debug|Any CPU
		{6E0EA2E7-D04B-4B50-B5F7-39F620D4DCED}.Ad-Hoc|iPhone.Build.0 = Debug|Any CPU
		{6E0EA2E7-D04B-4B50-B5F7-39F620D4DCED}.Ad-Hoc|iPhone.Deploy.0 = Debug|Any CPU
		{6E0EA2E7-D04B-4B50-B5F7-39F620D4DCED}.Ad-Hoc|iPhoneSimulator.ActiveCfg = Debug|Any CPU
		{6E0EA2E7-D04B-4B50-B5F7-39F620D4DCED}.Ad-Hoc|iPhoneSimulator.Build.0 = Debug|Any CPU
		{6E0EA2E7-D04B-4B50-B5F7-39F620D4DCED}.Ad-Hoc|iPhoneSimulator.Deploy.0 = Debug|Any CPU
		{6E0EA2E7-D04B-4B50-B5F7-39F620D4DCED}.AppStore|Any CPU.ActiveCfg = Debug|Any CPU
		{6E0EA2E7-D04B-4B50-B5F7-39F620D4DCED}.AppStore|Any CPU.Build.0 = Debug|Any CPU
		{6E0EA2E7-D04B-4B50-B5F7-39F620D4DCED}.AppStore|Any CPU.Deploy.0 = Debug|Any CPU
		{6E0EA2E7-D04B-4B50-B5F7-39F620D4DCED}.AppStore|iPhone.ActiveCfg = Debug|Any CPU
		{6E0EA2E7-D04B-4B50-B5F7-39F620D4DCED}.AppStore|iPhone.Build.0 = Debug|Any CPU
		{6E0EA2E7-D04B-4B50-B5F7-39F620D4DCED}.AppStore|iPhone.Deploy.0 = Debug|Any CPU
		{6E0EA2E7-D04B-4B50-B5F7-39F620D4DCED}.AppStore|iPhoneSimulator.ActiveCfg = Debug|Any CPU
		{6E0EA2E7-D04B-4B50-B5F7-39F620D4DCED}.AppStore|iPhoneSimulator.Build.0 = Debug|Any CPU
		{6E0EA2E7-D04B-4B50-B5F7-39F620D4DCED}.AppStore|iPhoneSimulator.Deploy.0 = Debug|Any CPU
		{6E0EA2E7-D04B-4B50-B5F7-39F620D4DCED}.Debug|Any CPU.ActiveCfg = Debug|Any CPU
		{6E0EA2E7-D04B-4B50-B5F7-39F620D4DCED}.Debug|Any CPU.Build.0 = Debug|Any CPU
		{6E0EA2E7-D04B-4B50-B5F7-39F620D4DCED}.Debug|Any CPU.Deploy.0 = Debug|Any CPU
		{6E0EA2E7-D04B-4B50-B5F7-39F620D4DCED}.Debug|iPhone.ActiveCfg = Debug|Any CPU
		{6E0EA2E7-D04B-4B50-B5F7-39F620D4DCED}.Debug|iPhone.Build.0 = Debug|Any CPU
		{6E0EA2E7-D04B-4B50-B5F7-39F620D4DCED}.Debug|iPhone.Deploy.0 = Debug|Any CPU
		{6E0EA2E7-D04B-4B50-B5F7-39F620D4DCED}.Debug|iPhoneSimulator.ActiveCfg = Debug|Any CPU
		{6E0EA2E7-D04B-4B50-B5F7-39F620D4DCED}.Debug|iPhoneSimulator.Build.0 = Debug|Any CPU
		{6E0EA2E7-D04B-4B50-B5F7-39F620D4DCED}.Debug|iPhoneSimulator.Deploy.0 = Debug|Any CPU
		{6E0EA2E7-D04B-4B50-B5F7-39F620D4DCED}.Release|Any CPU.ActiveCfg = Release|Any CPU
		{6E0EA2E7-D04B-4B50-B5F7-39F620D4DCED}.Release|Any CPU.Build.0 = Release|Any CPU
		{6E0EA2E7-D04B-4B50-B5F7-39F620D4DCED}.Release|Any CPU.Deploy.0 = Release|Any CPU
		{6E0EA2E7-D04B-4B50-B5F7-39F620D4DCED}.Release|iPhone.ActiveCfg = Release|Any CPU
		{6E0EA2E7-D04B-4B50-B5F7-39F620D4DCED}.Release|iPhone.Build.0 = Release|Any CPU
		{6E0EA2E7-D04B-4B50-B5F7-39F620D4DCED}.Release|iPhone.Deploy.0 = Release|Any CPU
		{6E0EA2E7-D04B-4B50-B5F7-39F620D4DCED}.Release|iPhoneSimulator.ActiveCfg = Release|Any CPU
		{6E0EA2E7-D04B-4B50-B5F7-39F620D4DCED}.Release|iPhoneSimulator.Build.0 = Release|Any CPU
		{6E0EA2E7-D04B-4B50-B5F7-39F620D4DCED}.Release|iPhoneSimulator.Deploy.0 = Release|Any CPU
	EndGlobalSection
	GlobalSection(SolutionProperties) = preSolution
		HideSolutionNode = FALSE
	EndGlobalSection
	GlobalSection(ExtensibilityGlobals) = postSolution
		SolutionGuid = {7705A843-1DBD-425D-A295-BBF80CE871A5}
	EndGlobalSection
EndGlobal
